{
  "originHash" : "b5ac48e70ab60e98a08ac1074175ba40ff8944d1f1deb21ff2a07113f80d9843",
  "pins" : [
    {
      "identity" : "logoutloud",
      "kind" : "remoteSourceControl",
      "location" : "https://github.com/Aeastr/LogOutLoud.git",
      "state" : {
        "revision" : "8b1fb61045d78bd674e4061805e5e6cc69d06950",
        "version" : "2.1.2"
      }
    },
    {
      "identity" : "swift-log",
      "kind" : "remoteSourceControl",
      "location" : "https://github.com/apple/swift-log.git",
      "state" : {
        "revision" : "ce592ae52f982c847a4efc0dd881cc9eb32d29f2",
        "version" : "1.6.4"
      }
    }
  ],
  "version" : 3
}
