{
  "originHash" : "b7aee6e5093cc7cceba6a40caeb70276cb6db2981eec3412a59c46aecffc68a6",
  "pins" : [
    {
      "identity" : "logoutloud",
      "kind" : "remoteSourceControl",
      "location" : "https://github.com/Aeastr/LogOutLoud",
      "state" : {
        "revision" : "06f80333803b3d0301086754563d154ecfe9fd0b",
        "version" : "1.0.0"
      }
    }
  ],
  "version" : 3
}
