{
  "originHash" : "4f90bbee95208a08b2e820997f0306610f85281d2fef61cb50e569dc3f673dd4",
  "pins" : [
    {
      "identity" : "logoutloud",
      "kind" : "remoteSourceControl",
      "location" : "https://github.com/Aeastr/LogOutLoud",
      "state" : {
        "revision" : "c6b087a415a43ca1585b2a56b838667ee85780ee",
        "version" : "1.0.1"
      }
    }
  ],
  "version" : 3
}
